
Microsoft Visual Studio Solution File, Format Version 12.00
# Visual Studio 15
VisualStudioVersion = 15.0.26430.6
MinimumVisualStudioVersion = 10.0.40219.1
Project("{FAE04EC0-301F-11D3-BF4B-00C04F79EFBC}") = "01.Task", "01.Task\01.Task.csproj", "{543098CD-AB0E-48E2-AA02-FE5DB38B3CD1}"
EndProject
Global
	GlobalSection(SolutionConfigurationPlatforms) = preSolution
		Debug|Any CPU = Debug|Any CPU
		Release|Any CPU = Release|Any CPU
	EndGlobalSection
	GlobalSection(ProjectConfigurationPlatforms) = postSolution
		{543098CD-AB0E-48E2-AA02-FE5DB38B3CD1}.Debug|Any CPU.ActiveCfg = Debug|Any CPU
		{543098CD-AB0E-48E2-AA02-FE5DB38B3CD1}.Debug|Any CPU.Build.0 = Debug|Any CPU
		{543098CD-AB0E-48E2-AA02-FE5DB38B3CD1}.Release|Any CPU.ActiveCfg = Release|Any CPU
		{543098CD-AB0E-48E2-AA02-FE5DB38B3CD1}.Release|Any CPU.Build.0 = Release|Any CPU
	EndGlobalSection
	GlobalSection(SolutionProperties) = preSolution
		HideSolutionNode = FALSE
	EndGlobalSection
EndGlobal
